Microsoft Visual Studio Solution File, Format Version 12.00
# Visual Studio Version 17
VisualStudioVersion = 17.5.2.0
MinimumVisualStudioVersion = 10.0.40219.1
Project("{FAE04EC0-301F-11D3-BF4B-00C04F79EFBC}") = "Dice100.Tests", "Dice100.Tests.csproj", "{B2B56052-5CB4-4469-5110-9717EADB4732}"
EndProject
Global
	GlobalSection(SolutionConfigurationPlatforms) = preSolution
		Debug|Any CPU = Debug|Any CPU
		Release|Any CPU = Release|Any CPU
	EndGlobalSection
	GlobalSection(ProjectConfigurationPlatforms) = postSolution
		{B2B56052-5CB4-4469-5110-9717EADB4732}.Debug|Any CPU.ActiveCfg = Debug|Any CPU
		{B2B56052-5CB4-4469-5110-9717EADB4732}.Debug|Any CPU.Build.0 = Debug|Any CPU
		{B2B56052-5CB4-4469-5110-9717EADB4732}.Release|Any CPU.ActiveCfg = Release|Any CPU
		{B2B56052-5CB4-4469-5110-9717EADB4732}.Release|Any CPU.Build.0 = Release|Any CPU
	EndGlobalSection
	GlobalSection(SolutionProperties) = preSolution
		HideSolutionNode = FALSE
	EndGlobalSection
	GlobalSection(ExtensibilityGlobals) = postSolution
		SolutionGuid = {E0036258-777D-40C9-9A84-B8FC9A5BD8B2}
	EndGlobalSection
EndGlobal
